
Microsoft Visual Studio Solution File, Format Version 12.00
# Visual Studio Version 16
VisualStudioVersion = 16.0.30523.141
MinimumVisualStudioVersion = 10.0.40219.1
Project("{FAE04EC0-301F-11D3-BF4B-00C04F79EFBC}") = "BlazerTest", "BlazerTest\BlazerTest.csproj", "{9E38DD2B-7864-4FF8-8C0F-345168A078DB}"
EndProject
Global
	GlobalSection(SolutionConfigurationPlatforms) = preSolution
		Debug|Any CPU = Debug|Any CPU
		Release|Any CPU = Release|Any CPU
	EndGlobalSection
	GlobalSection(ProjectConfigurationPlatforms) = postSolution
		{9E38DD2B-7864-4FF8-8C0F-345168A078DB}.Debug|Any CPU.ActiveCfg = Debug|Any CPU
		{9E38DD2B-7864-4FF8-8C0F-345168A078DB}.Debug|Any CPU.Build.0 = Debug|Any CPU
		{9E38DD2B-7864-4FF8-8C0F-345168A078DB}.Release|Any CPU.ActiveCfg = Release|Any CPU
		{9E38DD2B-7864-4FF8-8C0F-345168A078DB}.Release|Any CPU.Build.0 = Release|Any CPU
	EndGlobalSection
	GlobalSection(SolutionProperties) = preSolution
		HideSolutionNode = FALSE
	EndGlobalSection
	GlobalSection(ExtensibilityGlobals) = postSolution
		SolutionGuid = {E02C310C-CEF7-454B-BC39-402963C29B7C}
	EndGlobalSection
EndGlobal
